
Microsoft Visual Studio Solution File, Format Version 12.00
# Visual Studio 2013
VisualStudioVersion = 12.0.30723.0
MinimumVisualStudioVersion = 10.0.40219.1
Project("{FAE04EC0-301F-11D3-BF4B-00C04F79EFBC}") = "SeleniumUnitTestFinal", "SeleniumUnitTestFinal\SeleniumUnitTestFinal.csproj", "{D25C71F0-A513-4875-9E81-4AAC96E25BB9}"
EndProject
Project("{2150E333-8FDC-42A3-9474-1A3956D46DE8}") = ".nuget", ".nuget", "{2580BF4A-06F6-4D7E-9E62-F17AA4ABB713}"
	ProjectSection(SolutionItems) = preProject
		.nuget\packages.config = .nuget\packages.config
	EndProjectSection
EndProject
Global
	GlobalSection(SolutionConfigurationPlatforms) = preSolution
		Debug|Any CPU = Debug|Any CPU
		Release|Any CPU = Release|Any CPU
	EndGlobalSection
	GlobalSection(ProjectConfigurationPlatforms) = postSolution
		{D25C71F0-A513-4875-9E81-4AAC96E25BB9}.Debug|Any CPU.ActiveCfg = Debug|Any CPU
		{D25C71F0-A513-4875-9E81-4AAC96E25BB9}.Debug|Any CPU.Build.0 = Debug|Any CPU
		{D25C71F0-A513-4875-9E81-4AAC96E25BB9}.Release|Any CPU.ActiveCfg = Release|Any CPU
		{D25C71F0-A513-4875-9E81-4AAC96E25BB9}.Release|Any CPU.Build.0 = Release|Any CPU
	EndGlobalSection
	GlobalSection(SolutionProperties) = preSolution
		HideSolutionNode = FALSE
	EndGlobalSection
EndGlobal
